// !$*UTF8*$!
{
	archiveVersion = 1;
	classes = {
	};
	objectVersion = 46;
	objects = {

/* Begin PBXBuildFile section */
		965736BD1F5CB6F500034B5A /* AppDelegate.swift in Sources */ = {isa = PBXBuildFile; fileRef = 965736BC1F5CB6F500034B5A /* AppDelegate.swift */; };
		965736C21F5CB6F500034B5A /* Main.storyboard in Resources */ = {isa = PBXBuildFile; fileRef = 965736C01F5CB6F500034B5A /* Main.storyboard */; };
		965736C41F5CB6F500034B5A /* Assets.xcassets in Resources */ = {isa = PBXBuildFile; fileRef = 965736C31F5CB6F500034B5A /* Assets.xcassets */; };
		965736C71F5CB6F500034B5A /* LaunchScreen.storyboard in Resources */ = {isa = PBXBuildFile; fileRef = 965736C51F5CB6F500034B5A /* LaunchScreen.storyboard */; };
		965736CF1F5CBF2300034B5A /* PhotosViewController.swift in Sources */ = {isa = PBXBuildFile; fileRef = 965736CE1F5CBF2300034B5A /* PhotosViewController.swift */; };
		969293E11F6E612A00A1E3D6 /* PhotoDetailController.swift in Sources */ = {isa = PBXBuildFile; fileRef = 969293E01F6E612A00A1E3D6 /* PhotoDetailController.swift */; };
		96A7DAD91F679ED0006BC82E /* PostCell.swift in Sources */ = {isa = PBXBuildFile; fileRef = 96A7DAD81F679ED0006BC82E /* PostCell.swift */; };
		96A7DADC1F6B4B12006BC82E /* Post.swift in Sources */ = {isa = PBXBuildFile; fileRef = 96A7DADB1F6B4B12006BC82E /* Post.swift */; };
		99DF6EA01D66A9295BDEAC2A /* Pods_Tumblr.framework in Frameworks */ = {isa = PBXBuildFile; fileRef = CC12A24C77615D008DC3F607 /* Pods_Tumblr.framework */; };
/* End PBXBuildFile section */

/* Begin PBXFileReference section */
		0BB8114B59A0AEE088BD58DD /* Pods-Tumblr.release.xcconfig */ = {isa = PBXFileReference; includeInIndex = 1; lastKnownFileType = text.xcconfig; name = "Pods-Tumblr.release.xcconfig"; path = "Pods/Target Support Files/Pods-Tumblr/Pods-Tumblr.release.xcconfig"; sourceTree = "<group>"; };
		965736B91F5CB6F400034B5A /* Tumblr.app */ = {isa = PBXFileReference; explicitFileType = wrapper.application; includeInIndex = 0; path = Tumblr.app; sourceTree = BUILT_PRODUCTS_DIR; };
		965736BC1F5CB6F500034B5A /* AppDelegate.swift */ = {isa = PBXFileReference; lastKnownFileType = sourcecode.swift; path = AppDelegate.swift; sourceTree = "<group>"; };
		965736C11F5CB6F500034B5A /* Base */ = {isa = PBXFileReference; lastKnownFileType = file.storyboard; name = Base; path = Base.lproj/Main.storyboard; sourceTree = "<group>"; };
		965736C31F5CB6F500034B5A /* Assets.xcassets */ = {isa = PBXFileReference; lastKnownFileType = folder.assetcatalog; path = Assets.xcassets; sourceTree = "<group>"; };
		965736C61F5CB6F500034B5A /* Base */ = {isa = PBXFileReference; lastKnownFileType = file.storyboard; name = Base; path = Base.lproj/LaunchScreen.storyboard; sourceTree = "<group>"; };
		965736C81F5CB6F500034B5A /* Info.plist */ = {isa = PBXFileReference; lastKnownFileType = text.plist.xml; path = Info.plist; sourceTree = "<group>"; };
		965736CE1F5CBF2300034B5A /* PhotosViewController.swift */ = {isa = PBXFileReference; fileEncoding = 4; lastKnownFileType = sourcecode.swift; path = PhotosViewController.swift; sourceTree = "<group>"; };
		969293E01F6E612A00A1E3D6 /* PhotoDetailController.swift */ = {isa = PBXFileReference; fileEncoding = 4; lastKnownFileType = sourcecode.swift; path = PhotoDetailController.swift; sourceTree = "<group>"; };
		96A7DAD81F679ED0006BC82E /* PostCell.swift */ = {isa = PBXFileReference; fileEncoding = 4; lastKnownFileType = sourcecode.swift; path = PostCell.swift; sourceTree = "<group>"; };
		96A7DADB1F6B4B12006BC82E /* Post.swift */ = {isa = PBXFileReference; fileEncoding = 4; lastKnownFileType = sourcecode.swift; path = Post.swift; sourceTree = "<group>"; };
		CC12A24C77615D008DC3F607 /* Pods_Tumblr.framework */ = {isa = PBXFileReference; explicitFileType = wrapper.framework; includeInIndex = 0; path = Pods_Tumblr.framework; sourceTree = BUILT_PRODUCTS_DIR; };
		CE24FDBC0F8B58AB45C24D7F /* Pods-Tumblr.debug.xcconfig */ = {isa = PBXFileReference; includeInIndex = 1; lastKnownFileType = text.xcconfig; name = "Pods-Tumblr.debug.xcconfig"; path = "Pods/Target Support Files/Pods-Tumblr/Pods-Tumblr.debug.xcconfig"; sourceTree = "<group>"; };
/* End PBXFileReference section */

/* Begin PBXFrameworksBuildPhase section */
		965736B61F5CB6F400034B5A /* Frameworks */ = {
			isa = PBXFrameworksBuildPhase;
			buildActionMask = 2147483647;
			files = (
				99DF6EA01D66A9295BDEAC2A /* Pods_Tumblr.framework in Frameworks */,
			);
			runOnlyForDeploymentPostprocessing = 0;
		};
/* End PBXFrameworksBuildPhase section */

/* Begin PBXGroup section */
		25A8454DAF227EA89145740E /* Pods */ = {
			isa = PBXGroup;
			children = (
				CE24FDBC0F8B58AB45C24D7F /* Pods-Tumblr.debug.xcconfig */,
				0BB8114B59A0AEE088BD58DD /* Pods-Tumblr.release.xcconfig */,
			);
			name = Pods;
			sourceTree = "<group>";
		};
		662CF825FBEE411DD112D1AF /* Frameworks */ = {
			isa = PBXGroup;
			children = (
				CC12A24C77615D008DC3F607 /* Pods_Tumblr.framework */,
			);
			name = Frameworks;
			sourceTree = "<group>";
		};
		965736B01F5CB6F400034B5A = {
			isa = PBXGroup;
			children = (
				965736BB1F5CB6F500034B5A /* Tumblr */,
				965736BA1F5CB6F400034B5A /* Products */,
				25A8454DAF227EA89145740E /* Pods */,
				662CF825FBEE411DD112D1AF /* Frameworks */,
			);
			sourceTree = "<group>";
		};
		965736BA1F5CB6F400034B5A /* Products */ = {
			isa = PBXGroup;
			children = (
				965736B91F5CB6F400034B5A /* Tumblr.app */,
			);
			name = Products;
			sourceTree = "<group>";
		};
		965736BB1F5CB6F500034B5A /* Tumblr */ = {
			isa = PBXGroup;
			children = (
				96A7DADA1F6B4870006BC82E /* Models */,
				96A7DAD71F679E77006BC82E /* Views */,
				965736D01F5CBF3A00034B5A /* View Controllers */,
				965736BC1F5CB6F500034B5A /* AppDelegate.swift */,
				965736C01F5CB6F500034B5A /* Main.storyboard */,
				965736C31F5CB6F500034B5A /* Assets.xcassets */,
				965736C51F5CB6F500034B5A /* LaunchScreen.storyboard */,
				965736C81F5CB6F500034B5A /* Info.plist */,
			);
			path = Tumblr;
			sourceTree = "<group>";
		};
		965736D01F5CBF3A00034B5A /* View Controllers */ = {
			isa = PBXGroup;
			children = (
				965736CE1F5CBF2300034B5A /* PhotosViewController.swift */,
				969293E01F6E612A00A1E3D6 /* PhotoDetailController.swift */,
			);
			name = "View Controllers";
			sourceTree = "<group>";
		};
		96A7DAD71F679E77006BC82E /* Views */ = {
			isa = PBXGroup;
			children = (
				96A7DAD81F679ED0006BC82E /* PostCell.swift */,
			);
			name = Views;
			sourceTree = "<group>";
		};
		96A7DADA1F6B4870006BC82E /* Models */ = {
			isa = PBXGroup;
			children = (
				96A7DADB1F6B4B12006BC82E /* Post.swift */,
			);
			name = Models;
			sourceTree = "<group>";
		};
/* End PBXGroup section */

/* Begin PBXNativeTarget section */
		965736B81F5CB6F400034B5A /* Tumblr */ = {
			isa = PBXNativeTarget;
			buildConfigurationList = 965736CB1F5CB6F500034B5A /* Build configuration list for PBXNativeTarget "Tumblr" */;
			buildPhases = (
				D61FFBB7EC57EB256EFA62A0 /* [CP] Check Pods Manifest.lock */,
				965736B51F5CB6F400034B5A /* Sources */,
				965736B61F5CB6F400034B5A /* Frameworks */,
				965736B71F5CB6F400034B5A /* Resources */,
				CF17EBA1E43A90642044A5A0 /* [CP] Embed Pods Frameworks */,
				41BAE909112853B7AC49EED6 /* [CP] Copy Pods Resources */,
			);
			buildRules = (
			);
			dependencies = (
			);
			name = Tumblr;
			productName = Tumblr;
			productReference = 965736B91F5CB6F400034B5A /* Tumblr.app */;
			productType = "com.apple.product-type.application";
		};
/* End PBXNativeTarget section */

/* Begin PBXProject section */
		965736B11F5CB6F400034B5A /* Project object */ = {
			isa = PBXProject;
			attributes = {
				LastSwiftUpdateCheck = 0830;
				LastUpgradeCheck = 0830;
				ORGANIZATIONNAME = SintuLabs;
				TargetAttributes = {
					965736B81F5CB6F400034B5A = {
						CreatedOnToolsVersion = 8.3.3;
						ProvisioningStyle = Automatic;
					};
				};
			};
			buildConfigurationList = 965736B41F5CB6F400034B5A /* Build configuration list for PBXProject "Tumblr" */;
			compatibilityVersion = "Xcode 3.2";
			developmentRegion = English;
			hasScannedForEncodings = 0;
			knownRegions = (
				en,
				Base,
			);
			mainGroup = 965736B01F5CB6F400034B5A;
			productRefGroup = 965736BA1F5CB6F400034B5A /* Products */;
			projectDirPath = "";
			projectRoot = "";
			targets = (
				965736B81F5CB6F400034B5A /* Tumblr */,
			);
		};
/* End PBXProject section */

/* Begin PBXResourcesBuildPhase section */
		965736B71F5CB6F400034B5A /* Resources */ = {
			isa = PBXResourcesBuildPhase;
			buildActionMask = 2147483647;
			files = (
				965736C71F5CB6F500034B5A /* LaunchScreen.storyboard in Resources */,
				965736C41F5CB6F500034B5A /* Assets.xcassets in Resources */,
				965736C21F5CB6F500034B5A /* Main.storyboard in Resources */,
			);
			runOnlyForDeploymentPostprocessing = 0;
		};
/* End PBXResourcesBuildPhase section */

/* Begin PBXShellScriptBuildPhase section */
		41BAE909112853B7AC49EED6 /* [CP] Copy Pods Resources */ = {
			isa = PBXShellScriptBuildPhase;
			buildActionMask = 2147483647;
			files = (
			);
			inputPaths = (
			);
			name = "[CP] Copy Pods Resources";
			outputPaths = (
			);
			runOnlyForDeploymentPostprocessing = 0;
			shellPath = /bin/sh;
			shellScript = "\"${SRCROOT}/Pods/Target Support Files/Pods-Tumblr/Pods-Tumblr-resources.sh\"\n";
			showEnvVarsInLog = 0;
		};
		CF17EBA1E43A90642044A5A0 /* [CP] Embed Pods Frameworks */ = {
			isa = PBXShellScriptBuildPhase;
			buildActionMask = 2147483647;
			files = (
			);
			inputPaths = (
				"${SRCROOT}/Pods/Target Support Files/Pods-Tumblr/Pods-Tumblr-frameworks.sh",
				"${BUILT_PRODUCTS_DIR}/AFNetworking/AFNetworking.framework",
			);
			name = "[CP] Embed Pods Frameworks";
			outputPaths = (
				"${TARGET_BUILD_DIR}/${FRAMEWORKS_FOLDER_PATH}/AFNetworking.framework",
			);
			runOnlyForDeploymentPostprocessing = 0;
			shellPath = /bin/sh;
			shellScript = "\"${SRCROOT}/Pods/Target Support Files/Pods-Tumblr/Pods-Tumblr-frameworks.sh\"\n";
			showEnvVarsInLog = 0;
		};
		D61FFBB7EC57EB256EFA62A0 /* [CP] Check Pods Manifest.lock */ = {
			isa = PBXShellScriptBuildPhase;
			buildActionMask = 2147483647;
			files = (
			);
			inputPaths = (
				"${PODS_PODFILE_DIR_PATH}/Podfile.lock",
				"${PODS_ROOT}/Manifest.lock",
			);
			name = "[CP] Check Pods Manifest.lock";
			outputPaths = (
				"$(DERIVED_FILE_DIR)/Pods-Tumblr-checkManifestLockResult.txt",
			);
			runOnlyForDeploymentPostprocessing = 0;
			shellPath = /bin/sh;
			shellScript = "diff \"${PODS_PODFILE_DIR_PATH}/Podfile.lock\" \"${PODS_ROOT}/Manifest.lock\" > /dev/null\nif [ $? != 0 ] ; then\n    # print error to STDERR\n    echo \"error: The sandbox is not in sync with the Podfile.lock. Run 'pod install' or update your CocoaPods installation.\" >&2\n    exit 1\nfi\n# This output is used by Xcode 'outputs' to avoid re-running this script phase.\necho \"SUCCESS\" > \"${SCRIPT_OUTPUT_FILE_0}\"\n";
			showEnvVarsInLog = 0;
		};
/* End PBXShellScriptBuildPhase section */

/* Begin PBXSourcesBuildPhase section */
		965736B51F5CB6F400034B5A /* Sources */ = {
			isa = PBXSourcesBuildPhase;
			buildActionMask = 2147483647;
			files = (
				965736CF1F5CBF2300034B5A /* PhotosViewController.swift in Sources */,
				965736BD1F5CB6F500034B5A /* AppDelegate.swift in Sources */,
				969293E11F6E612A00A1E3D6 /* PhotoDetailController.swift in Sources */,
				96A7DAD91F679ED0006BC82E /* PostCell.swift in Sources */,
				96A7DADC1F6B4B12006BC82E /* Post.swift in Sources */,
			);
			runOnlyForDeploymentPostprocessing = 0;
		};
/* End PBXSourcesBuildPhase section */

/* Begin PBXVariantGroup section */
		965736C01F5CB6F500034B5A /* Main.storyboard */ = {
			isa = PBXVariantGroup;
			children = (
				965736C11F5CB6F500034B5A /* Base */,
			);
			name = Main.storyboard;
			sourceTree = "<group>";
		};
		965736C51F5CB6F500034B5A /* LaunchScreen.storyboard */ = {
			isa = PBXVariantGroup;
			children = (
				965736C61F5CB6F500034B5A /* Base */,
			);
			name = LaunchScreen.storyboard;
			sourceTree = "<group>";
		};
/* End PBXVariantGroup section */

/* Begin XCBuildConfiguration section */
		965736C91F5CB6F500034B5A /* Debug */ = {
			isa = XCBuildConfiguration;
			buildSettings = {
				ALWAYS_SEARCH_USER_PATHS = NO;
				CLANG_ANALYZER_NONNULL = YES;
				CLANG_ANALYZER_NUMBER_OBJECT_CONVERSION = YES_AGGRESSIVE;
				CLANG_CXX_LANGUAGE_STANDARD = "gnu++0x";
				CLANG_CXX_LIBRARY = "libc++";
				CLANG_ENABLE_MODULES = YES;
				CLANG_ENABLE_OBJC_ARC = YES;
				CLANG_WARN_BOOL_CONVERSION = YES;
				CLANG_WARN_CONSTANT_CONVERSION = YES;
				CLANG_WARN_DIRECT_OBJC_ISA_USAGE = YES_ERROR;
				CLANG_WARN_DOCUMENTATION_COMMENTS = YES;
				CLANG_WARN_EMPTY_BODY = YES;
				CLANG_WARN_ENUM_CONVERSION = YES;
				CLANG_WARN_INFINITE_RECURSION = YES;
				CLANG_WARN_INT_CONVERSION = YES;
				CLANG_WARN_OBJC_ROOT_CLASS = YES_ERROR;
				CLANG_WARN_SUSPICIOUS_MOVE = YES;
				CLANG_WARN_UNREACHABLE_CODE = YES;
				CLANG_WARN__DUPLICATE_METHOD_MATCH = YES;
				"CODE_SIGN_IDENTITY[sdk=iphoneos*]" = "iPhone Developer";
				COPY_PHASE_STRIP = NO;
				DEBUG_INFORMATION_FORMAT = dwarf;
				ENABLE_STRICT_OBJC_MSGSEND = YES;
				ENABLE_TESTABILITY = YES;
				GCC_C_LANGUAGE_STANDARD = gnu99;
				GCC_DYNAMIC_NO_PIC = NO;
				GCC_NO_COMMON_BLOCKS = YES;
				GCC_OPTIMIZATION_LEVEL = 0;
				GCC_PREPROCESSOR_DEFINITIONS = (
					"DEBUG=1",
					"$(inherited)",
				);
				GCC_WARN_64_TO_32_BIT_CONVERSION = YES;
				GCC_WARN_ABOUT_RETURN_TYPE = YES_ERROR;
				GCC_WARN_UNDECLARED_SELECTOR = YES;
				GCC_WARN_UNINITIALIZED_AUTOS = YES_AGGRESSIVE;
				GCC_WARN_UNUSED_FUNCTION = YES;
				GCC_WARN_UNUSED_VARIABLE = YES;
				IPHONEOS_DEPLOYMENT_TARGET = 10.3;
				MTL_ENABLE_DEBUG_INFO = YES;
				ONLY_ACTIVE_ARCH = YES;
				SDKROOT = iphoneos;
				SWIFT_ACTIVE_COMPILATION_CONDITIONS = DEBUG;
				SWIFT_OPTIMIZATION_LEVEL = "-Onone";
				TARGETED_DEVICE_FAMILY = "1,2";
			};
			name = Debug;
		};
		965736CA1F5CB6F500034B5A /* Release */ = {
			isa = XCBuildConfiguration;
			buildSettings = {
				ALWAYS_SEARCH_USER_PATHS = NO;
				CLANG_ANALYZER_NONNULL = YES;
				CLANG_ANALYZER_NUMBER_OBJECT_CONVERSION = YES_AGGRESSIVE;
				CLANG_CXX_LANGUAGE_STANDARD = "gnu++0x";
				CLANG_CXX_LIBRARY = "libc++";
				CLANG_ENABLE_MODULES = YES;
				CLANG_ENABLE_OBJC_ARC = YES;
				CLANG_WARN_BOOL_CONVERSION = YES;
				CLANG_WARN_CONSTANT_CONVERSION = YES;
				CLANG_WARN_DIRECT_OBJC_ISA_USAGE = YES_ERROR;
				CLANG_WARN_DOCUMENTATION_COMMENTS = YES;
				CLANG_WARN_EMPTY_BODY = YES;
				CLANG_WARN_ENUM_CONVERSION = YES;
				CLANG_WARN_INFINITE_RECURSION = YES;
				CLANG_WARN_INT_CONVERSION = YES;
				CLANG_WARN_OBJC_ROOT_CLASS = YES_ERROR;
				CLANG_WARN_SUSPICIOUS_MOVE = YES;
				CLANG_WARN_UNREACHABLE_CODE = YES;
				CLANG_WARN__DUPLICATE_METHOD_MATCH = YES;
				"CODE_SIGN_IDENTITY[sdk=iphoneos*]" = "iPhone Developer";
				COPY_PHASE_STRIP = NO;
				DEBUG_INFORMATION_FORMAT = "dwarf-with-dsym";
				ENABLE_NS_ASSERTIONS = NO;
				ENABLE_STRICT_OBJC_MSGSEND = YES;
				GCC_C_LANGUAGE_STANDARD = gnu99;
				GCC_NO_COMMON_BLOCKS = YES;
				GCC_WARN_64_TO_32_BIT_CONVERSION = YES;
				GCC_WARN_ABOUT_RETURN_TYPE = YES_ERROR;
				GCC_WARN_UNDECLARED_SELECTOR = YES;
				GCC_WARN_UNINITIALIZED_AUTOS = YES_AGGRESSIVE;
				GCC_WARN_UNUSED_FUNCTION = YES;
				GCC_WARN_UNUSED_VARIABLE = YES;
				IPHONEOS_DEPLOYMENT_TARGET = 10.3;
				MTL_ENABLE_DEBUG_INFO = NO;
				SDKROOT = iphoneos;
				SWIFT_OPTIMIZATION_LEVEL = "-Owholemodule";
				TARGETED_DEVICE_FAMILY = "1,2";
				VALIDATE_PRODUCT = YES;
			};
			name = Release;
		};
		965736CC1F5CB6F500034B5A /* Debug */ = {
			isa = XCBuildConfiguration;
			baseConfigurationReference = CE24FDBC0F8B58AB45C24D7F /* Pods-Tumblr.debug.xcconfig */;
			buildSettings = {
				ASSETCATALOG_COMPILER_APPICON_NAME = AppIcon;
				INFOPLIST_FILE = Tumblr/Info.plist;
				LD_RUNPATH_SEARCH_PATHS = "$(inherited) @executable_path/Frameworks";
				PRODUCT_BUNDLE_IDENTIFIER = sl.Tumblr;
				PRODUCT_NAME = "$(TARGET_NAME)";
				SWIFT_VERSION = 3.0;
			};
			name = Debug;
		};
		965736CD1F5CB6F500034B5A /* Release */ = {
			isa = XCBuildConfiguration;
			baseConfigurationReference = 0BB8114B59A0AEE088BD58DD /* Pods-Tumblr.release.xcconfig */;
			buildSettings = {
				ASSETCATALOG_COMPILER_APPICON_NAME = AppIcon;
				INFOPLIST_FILE = Tumblr/Info.plist;
				LD_RUNPATH_SEARCH_PATHS = "$(inherited) @executable_path/Frameworks";
				PRODUCT_BUNDLE_IDENTIFIER = sl.Tumblr;
				PRODUCT_NAME = "$(TARGET_NAME)";
				SWIFT_VERSION = 3.0;
			};
			name = Release;
		};
/* End XCBuildConfiguration section */

/* Begin XCConfigurationList section */
		965736B41F5CB6F400034B5A /* Build configuration list for PBXProject "Tumblr" */ = {
			isa = XCConfigurationList;
			buildConfigurations = (
				965736C91F5CB6F500034B5A /* Debug */,
				965736CA1F5CB6F500034B5A /* Release */,
			);
			defaultConfigurationIsVisible = 0;
			defaultConfigurationName = Release;
		};
		965736CB1F5CB6F500034B5A /* Build configuration list for PBXNativeTarget "Tumblr" */ = {
			isa = XCConfigurationList;
			buildConfigurations = (
				965736CC1F5CB6F500034B5A /* Debug */,
				965736CD1F5CB6F500034B5A /* Release */,
			);
			defaultConfigurationIsVisible = 0;
			defaultConfigurationName = Release;
		};
/* End XCConfigurationList section */
	};
	rootObject = 965736B11F5CB6F400034B5A /* Project object */;
}
